
Microsoft Visual Studio Solution File, Format Version 12.00
# Visual Studio Version 16
VisualStudioVersion = 16.0.31005.135
MinimumVisualStudioVersion = 10.0.40219.1
Project("{FAE04EC0-301F-11D3-BF4B-00C04F79EFBC}") = "APITamplate", "APITamplate\APITamplate.csproj", "{A277D8D1-5C8F-4DEE-ADFA-452D04988C3A}"
EndProject
Global
	GlobalSection(SolutionConfigurationPlatforms) = preSolution
		Debug|Any CPU = Debug|Any CPU
		Release|Any CPU = Release|Any CPU
	EndGlobalSection
	GlobalSection(ProjectConfigurationPlatforms) = postSolution
		{A277D8D1-5C8F-4DEE-ADFA-452D04988C3A}.Debug|Any CPU.ActiveCfg = Debug|Any CPU
		{A277D8D1-5C8F-4DEE-ADFA-452D04988C3A}.Debug|Any CPU.Build.0 = Debug|Any CPU
		{A277D8D1-5C8F-4DEE-ADFA-452D04988C3A}.Release|Any CPU.ActiveCfg = Release|Any CPU
		{A277D8D1-5C8F-4DEE-ADFA-452D04988C3A}.Release|Any CPU.Build.0 = Release|Any CPU
	EndGlobalSection
	GlobalSection(SolutionProperties) = preSolution
		HideSolutionNode = FALSE
	EndGlobalSection
	GlobalSection(ExtensibilityGlobals) = postSolution
		SolutionGuid = {3831E9D1-44D9-48AB-9D7C-3359EB636BE6}
	EndGlobalSection
EndGlobal
